
Microsoft Visual Studio Solution File, Format Version 12.00
# Visual Studio Version 17
VisualStudioVersion = 17.6.33815.320
MinimumVisualStudioVersion = 10.0.40219.1
Project("{FAE04EC0-301F-11D3-BF4B-00C04F79EFBC}") = "Assignment15", "Assignment15\Assignment15.csproj", "{775EA91D-1826-4A02-99A2-8D03ECE63A38}"
EndProject
Global
	GlobalSection(SolutionConfigurationPlatforms) = preSolution
		Debug|Any CPU = Debug|Any CPU
		Release|Any CPU = Release|Any CPU
	EndGlobalSection
	GlobalSection(ProjectConfigurationPlatforms) = postSolution
		{775EA91D-1826-4A02-99A2-8D03ECE63A38}.Debug|Any CPU.ActiveCfg = Debug|Any CPU
		{775EA91D-1826-4A02-99A2-8D03ECE63A38}.Debug|Any CPU.Build.0 = Debug|Any CPU
		{775EA91D-1826-4A02-99A2-8D03ECE63A38}.Release|Any CPU.ActiveCfg = Release|Any CPU
		{775EA91D-1826-4A02-99A2-8D03ECE63A38}.Release|Any CPU.Build.0 = Release|Any CPU
	EndGlobalSection
	GlobalSection(SolutionProperties) = preSolution
		HideSolutionNode = FALSE
	EndGlobalSection
	GlobalSection(ExtensibilityGlobals) = postSolution
		SolutionGuid = {0ED92081-80D3-4B19-9D71-F960470F5B38}
	EndGlobalSection
EndGlobal
